
Microsoft Visual Studio Solution File, Format Version 12.00
# Visual Studio Version 17
VisualStudioVersion = 17.8.34511.84
MinimumVisualStudioVersion = 10.0.40219.1
Project("{FAE04EC0-301F-11D3-BF4B-00C04F79EFBC}") = "Assignment1", "Assignment1\Assignment1.csproj", "{C2F5EB9E-BFAB-4CD6-8127-B096A8A152D8}"
EndProject
Global
	GlobalSection(SolutionConfigurationPlatforms) = preSolution
		Debug|Any CPU = Debug|Any CPU
		Release|Any CPU = Release|Any CPU
	EndGlobalSection
	GlobalSection(ProjectConfigurationPlatforms) = postSolution
		{C2F5EB9E-BFAB-4CD6-8127-B096A8A152D8}.Debug|Any CPU.ActiveCfg = Debug|Any CPU
		{C2F5EB9E-BFAB-4CD6-8127-B096A8A152D8}.Debug|Any CPU.Build.0 = Debug|Any CPU
		{C2F5EB9E-BFAB-4CD6-8127-B096A8A152D8}.Release|Any CPU.ActiveCfg = Release|Any CPU
		{C2F5EB9E-BFAB-4CD6-8127-B096A8A152D8}.Release|Any CPU.Build.0 = Release|Any CPU
	EndGlobalSection
	GlobalSection(SolutionProperties) = preSolution
		HideSolutionNode = FALSE
	EndGlobalSection
	GlobalSection(ExtensibilityGlobals) = postSolution
		SolutionGuid = {C5B3551A-3936-41C9-9DBE-7979801099C5}
	EndGlobalSection
EndGlobal
