
Microsoft Visual Studio Solution File, Format Version 12.00
# Visual Studio Version 17
VisualStudioVersion = 17.8.34511.84
MinimumVisualStudioVersion = 10.0.40219.1
Project("{FAE04EC0-301F-11D3-BF4B-00C04F79EFBC}") = "project_managemnt", "project_managemnt.csproj", "{D0FA51C8-D5E6-450F-8287-2C7ED4B1A9FB}"
EndProject
Global
	GlobalSection(SolutionConfigurationPlatforms) = preSolution
		Debug|Any CPU = Debug|Any CPU
		Release|Any CPU = Release|Any CPU
	EndGlobalSection
	GlobalSection(ProjectConfigurationPlatforms) = postSolution
		{D0FA51C8-D5E6-450F-8287-2C7ED4B1A9FB}.Debug|Any CPU.ActiveCfg = Debug|Any CPU
		{D0FA51C8-D5E6-450F-8287-2C7ED4B1A9FB}.Debug|Any CPU.Build.0 = Debug|Any CPU
		{D0FA51C8-D5E6-450F-8287-2C7ED4B1A9FB}.Release|Any CPU.ActiveCfg = Release|Any CPU
		{D0FA51C8-D5E6-450F-8287-2C7ED4B1A9FB}.Release|Any CPU.Build.0 = Release|Any CPU
	EndGlobalSection
	GlobalSection(SolutionProperties) = preSolution
		HideSolutionNode = FALSE
	EndGlobalSection
	GlobalSection(ExtensibilityGlobals) = postSolution
		SolutionGuid = {01137EBB-F80C-49A6-BE08-1150991F73F4}
	EndGlobalSection
EndGlobal
