
Microsoft Visual Studio Solution File, Format Version 12.00
# Visual Studio Version 17
VisualStudioVersion = 17.8.34511.84
MinimumVisualStudioVersion = 10.0.40219.1
Project("{FAE04EC0-301F-11D3-BF4B-00C04F79EFBC}") = "Uni Management", "Uni Management.csproj", "{D9BA64F3-6773-4013-871D-F8F468B095AD}"
EndProject
Global
	GlobalSection(SolutionConfigurationPlatforms) = preSolution
		Debug|Any CPU = Debug|Any CPU
		Release|Any CPU = Release|Any CPU
	EndGlobalSection
	GlobalSection(ProjectConfigurationPlatforms) = postSolution
		{D9BA64F3-6773-4013-871D-F8F468B095AD}.Debug|Any CPU.ActiveCfg = Debug|Any CPU
		{D9BA64F3-6773-4013-871D-F8F468B095AD}.Debug|Any CPU.Build.0 = Debug|Any CPU
		{D9BA64F3-6773-4013-871D-F8F468B095AD}.Release|Any CPU.ActiveCfg = Release|Any CPU
		{D9BA64F3-6773-4013-871D-F8F468B095AD}.Release|Any CPU.Build.0 = Release|Any CPU
	EndGlobalSection
	GlobalSection(SolutionProperties) = preSolution
		HideSolutionNode = FALSE
	EndGlobalSection
	GlobalSection(ExtensibilityGlobals) = postSolution
		SolutionGuid = {4ED3D819-71EB-4939-901F-10AE1D324FC9}
	EndGlobalSection
EndGlobal
